<?xml version="1.0" encoding="utf-8"?>
<Project ToolsVersion="4.0" xmlns="http://schemas.microsoft.com/developer/msbuild/2003">
  <ItemGroup>
    <Filter Include="Source Files">
      <UniqueIdentifier>{4FC737F1-C7A5-4376-A066-2A32D752A2FF}</UniqueIdentifier>
      <Extensions>cpp;c;cc;cxx;c++;cppm;ixx;def;odl;idl;hpj;bat;asm;asmx</Extensions>
    </Filter>
    <Filter Include="Header Files">
      <UniqueIdentifier>{93995380-89BD-4b04-88EB-625FBE52EBFB}</UniqueIdentifier>
      <Extensions>h;hh;hpp;hxx;h++;hm;inl;inc;ipp;xsd</Extensions>
    </Filter>
    <Filter Include="Resource Files">
      <UniqueIdentifier>{67DA6AB6-F800-4c08-8B7A-83BB121AAD01}</UniqueIdentifier>
      <Extensions>rc;ico;cur;bmp;dlg;rc2;rct;bin;rgs;gif;jpg;jpeg;jpe;resx;tiff;tif;png;wav;mfcribbon-ms</Extensions>
    </Filter>
  </ItemGroup>
  <ItemGroup>
    <ClCompile Include="sdl_3_ge.cpp">
      <Filter>Source Files</Filter>
    </ClCompile>
  </ItemGroup>
  <ItemGroup>
    <ClInclude Include="header\concepts.hpp">
      <Filter>Header Files</Filter>
    </ClInclude>
    <ClInclude Include="header\DBG_functions.h">
      <Filter>Header Files</Filter>
    </ClInclude>
    <ClInclude Include="header\main.hpp">
      <Filter>Header Files</Filter>
    </ClInclude>
    <ClInclude Include="Skc_time.hpp">
      <Filter>Header Files</Filter>
    </ClInclude>
    <ClInclude Include="header\timer.hpp">
      <Filter>Header Files</Filter>
    </ClInclude>
    <ClInclude Include="header\strmanip.hpp">
      <Filter>Header Files</Filter>
    </ClInclude>
    <ClInclude Include="header\World.hpp">
      <Filter>Header Files</Filter>
    </ClInclude>
    <ClInclude Include="header\math\Math.hpp">
      <Filter>Header Files</Filter>
    </ClInclude>
    <ClInclude Include="header\math\perlin.hpp">
      <Filter>Header Files</Filter>
    </ClInclude>
    <ClInclude Include="header\math\rand.hpp">
      <Filter>Header Files</Filter>
    </ClInclude>
    <ClInclude Include="header\math\Vector.hpp">
      <Filter>Header Files</Filter>
    </ClInclude>
    <ClInclude Include="header\lua\lua_cxx.hpp">
      <Filter>Header Files</Filter>
    </ClInclude>
    <ClInclude Include="header\GE\Color.hpp">
      <Filter>Header Files</Filter>
    </ClInclude>
    <ClInclude Include="header\GE\controller\game_pad.hpp">
      <Filter>Header Files</Filter>
    </ClInclude>
    <ClInclude Include="header\GE\Events.hpp">
      <Filter>Header Files</Filter>
    </ClInclude>
    <ClInclude Include="header\GE\font_options.hpp">
      <Filter>Header Files</Filter>
    </ClInclude>
    <ClInclude Include="header\GE\Imgui_window.hpp">
      <Filter>Header Files</Filter>
    </ClInclude>
    <ClInclude Include="header\GE\key_util.hpp">
      <Filter>Header Files</Filter>
    </ClInclude>
    <ClInclude Include="header\GE\timer.hpp">
      <Filter>Header Files</Filter>
    </ClInclude>
    <ClInclude Include="header\GE\Window.hpp">
      <Filter>Header Files</Filter>
    </ClInclude>
    <ClInclude Include="header\GE\World.hpp">
      <Filter>Header Files</Filter>
    </ClInclude>
    <ClInclude Include="header\thread\smart_lock.hpp">
      <Filter>Header Files</Filter>
    </ClInclude>
    <ClInclude Include="header\windows\file_api\folder_listener.hpp">
      <Filter>Header Files</Filter>
    </ClInclude>
    <ClInclude Include="header\GE\font.hpp">
      <Filter>Header Files</Filter>
    </ClInclude>
    <ClInclude Include="header\fmt\printFmtutils.hpp">
      <Filter>Header Files</Filter>
    </ClInclude>
    <ClInclude Include="header\GE\cvars\CVar.hpp">
      <Filter>Header Files</Filter>
    </ClInclude>
    <ClInclude Include="header\GE\cvars\parse_cvars.hpp">
      <Filter>Header Files</Filter>
    </ClInclude>
  </ItemGroup>
  <ItemGroup>
    <None Include="cpp.hint" />
  </ItemGroup>
</Project>